{
  "name": "eky-ci-pnpm-bootstrap",
  "version": "1.0.0",
  "lockfileVersion": 3,
  "requires": true,
  "packages": {
    "": {
      "name": "eky-ci-pnpm-bootstrap",
      "version": "1.0.0",
      "dependencies": {
        "pnpm": "11.1.3"
      }
    },
    "node_modules/pnpm": {
      "version": "11.1.3",
      "resolved": "https://registry.npmjs.org/pnpm/-/pnpm-11.1.3.tgz",
      "integrity": "sha512-yFNX/hfKEt0j3XBxgiZm39fjy3b+IU4zcLXqL7NPKiMRhVCbY+cX880KyzjdP42CvNXoFyQArmeLcOpPvtCJbQ==",
      "bin": {
        "pn": "bin/pnpm.mjs",
        "pnx": "bin/pnpx.mjs",
        "pnpm": "bin/pnpm.mjs",
        "pnpx": "bin/pnpx.mjs"
      },
      "engines": {
        "node": ">=22.13"
      }
    }
  }
}
