{
  "name": "eky-ci-pnpm-bootstrap",
  "version": "1.0.0",
  "lockfileVersion": 3,
  "requires": true,
  "packages": {
    "": {
      "name": "eky-ci-pnpm-bootstrap",
      "version": "1.0.0",
      "dependencies": {
        "pnpm": "11.11.0"
      }
    },
    "node_modules/pnpm": {
      "version": "11.11.0",
      "resolved": "https://registry.npmjs.org/pnpm/-/pnpm-11.11.0.tgz",
      "integrity": "sha512-RGP2X9gO2A1pvB1L8WPulPYFxzgPwxi7Wy6+FfjNEtScUaTVnpUbQB52TTtsp1HL9RvFDtcAGmvLSTXmhMNIgg==",
      "bin": {
        "pn": "bin/pnpm.mjs",
        "pnx": "bin/pnpx.mjs",
        "pnpm": "bin/pnpm.mjs",
        "pnpx": "bin/pnpx.mjs"
      },
      "engines": {
        "node": ">=22.13"
      }
    }
  }
}
