lockfileVersion: '9.0'

settings:
  autoInstallPeers: true
  excludeLinksFromLockfile: false

importers:

  .:
    devDependencies:
      typescript:
        specifier: ^6.0.3
        version: 6.0.3

  apps/backend:
    dependencies:
      '@hono/node-server':
        specifier: ^2.0.3
        version: 2.0.3(hono@4.12.19)
      hono:
        specifier: ^4.12.19
        version: 4.12.19

  apps/web: {}

  packages/api-client: {}

  packages/auth: {}

  packages/config: {}

  packages/domain: {}

  packages/permissions: {}

  packages/ui: {}

  packages/validation: {}

packages:

  '@hono/node-server@2.0.3':
    resolution: {integrity: sha512-a0jV+/HRe3G5zjFID3zObAQFdkl6zpxTuqktdDDXS3MJKcrZIkB8OkLpNBlY/WXFqv2HF4a0takPej+aNFczWA==}
    engines: {node: '>=20'}
    peerDependencies:
      hono: ^4

  hono@4.12.19:
    resolution: {integrity: sha512-xa3eYXYXx68XTT4hZ7dRzsXBhaq85ToSrlUJNoR0gwz/1Ap/CNwX47wfvV7pc/xWhjKVVkLT7zBJy8chhNguqQ==}
    engines: {node: '>=16.9.0'}

  typescript@6.0.3:
    resolution: {integrity: sha512-y2TvuxSZPDyQakkFRPZHKFm+KKVqIisdg9/CZwm9ftvKXLP8NRWj38/ODjNbr43SsoXqNuAisEf1GdCxqWcdBw==}
    engines: {node: '>=14.17'}
    hasBin: true

snapshots:

  '@hono/node-server@2.0.3(hono@4.12.19)':
    dependencies:
      hono: 4.12.19

  hono@4.12.19: {}

  typescript@6.0.3: {}
